{
  "name": "@chashitsu/chashitsu-test-2",
  "version": "1.0.0",
  "lockfileVersion": 1,
  "requires": true,
  "dependencies": {
    "@chashitsu/chashitsu-test-1": {
      "version": "1.0.7",
      "resolved": "https://registry.npmjs.org/@chashitsu/chashitsu-test-1/-/chashitsu-test-1-1.0.7.tgz",
      "integrity": "sha512-kd8SdkXgTUv99IKb4nfCrgjjqiWwMSG7AHDob88SUjGEEpUvM1EK9MTFW3709Hf4kfR4Hfv1iBWhNJcFAJC4hQ=="
    }
  }
}
