{
  "name": "@chashitsu/chashitsu-test-2",
  "version": "1.0.0",
  "lockfileVersion": 1,
  "requires": true,
  "dependencies": {
    "@chashitsu/chashitsu-test-1": {
      "version": "1.0.8",
      "resolved": "https://registry.npmjs.org/@chashitsu/chashitsu-test-1/-/chashitsu-test-1-1.0.8.tgz",
      "integrity": "sha512-hWsLfjifI5sCeJBb5KxIUd5YRYdjyxkt8TQdxTgWHMmnJdW27tJJTMFPeLNtpzYCOqAYHMaWxJsho2qWsiB65Q=="
    }
  }
}
